
Microsoft Visual Studio Solution File, Format Version 12.00
# Visual Studio Version 17
VisualStudioVersion = 17.2.32616.157
MinimumVisualStudioVersion = 10.0.40219.1
Project("{FAE04EC0-301F-11D3-BF4B-00C04F79EFBC}") = "ElevatorReport.Web", "ElevatorReport.Web\ElevatorReport.Web.csproj", "{8AAA4637-3B40-44C9-A40A-32BBF062200C}"
EndProject
Project("{FAE04EC0-301F-11D3-BF4B-00C04F79EFBC}") = "ElevatorReport.Data", "ElevatorReport.Data\ElevatorReport.Data.csproj", "{448D8405-4845-46A2-B582-356B16FFFBA9}"
EndProject
Global
	GlobalSection(SolutionConfigurationPlatforms) = preSolution
		Debug|Any CPU = Debug|Any CPU
		Release|Any CPU = Release|Any CPU
	EndGlobalSection
	GlobalSection(ProjectConfigurationPlatforms) = postSolution
		{8AAA4637-3B40-44C9-A40A-32BBF062200C}.Debug|Any CPU.ActiveCfg = Debug|Any CPU
		{8AAA4637-3B40-44C9-A40A-32BBF062200C}.Debug|Any CPU.Build.0 = Debug|Any CPU
		{8AAA4637-3B40-44C9-A40A-32BBF062200C}.Release|Any CPU.ActiveCfg = Release|Any CPU
		{8AAA4637-3B40-44C9-A40A-32BBF062200C}.Release|Any CPU.Build.0 = Release|Any CPU
		{448D8405-4845-46A2-B582-356B16FFFBA9}.Debug|Any CPU.ActiveCfg = Debug|Any CPU
		{448D8405-4845-46A2-B582-356B16FFFBA9}.Debug|Any CPU.Build.0 = Debug|Any CPU
		{448D8405-4845-46A2-B582-356B16FFFBA9}.Release|Any CPU.ActiveCfg = Release|Any CPU
		{448D8405-4845-46A2-B582-356B16FFFBA9}.Release|Any CPU.Build.0 = Release|Any CPU
	EndGlobalSection
	GlobalSection(SolutionProperties) = preSolution
		HideSolutionNode = FALSE
	EndGlobalSection
	GlobalSection(ExtensibilityGlobals) = postSolution
		SolutionGuid = {33312317-4970-4B4D-96FF-4F7F9EF2ECFF}
	EndGlobalSection
EndGlobal
